
Microsoft Visual Studio Solution File, Format Version 12.00
# Visual Studio Version 17
VisualStudioVersion = 17.9.34616.47
MinimumVisualStudioVersion = 10.0.40219.1
Project("{9A19103F-16F7-4668-BE54-9A1E7A4F7556}") = "AppRecipe", "AppRecipe.csproj", "{5AB7462D-0119-4573-A7D9-D812AD081B48}"
EndProject
Global
	GlobalSection(SolutionConfigurationPlatforms) = preSolution
		Debug|Any CPU = Debug|Any CPU
		Release|Any CPU = Release|Any CPU
	EndGlobalSection
	GlobalSection(ProjectConfigurationPlatforms) = postSolution
		{5AB7462D-0119-4573-A7D9-D812AD081B48}.Debug|Any CPU.ActiveCfg = Debug|Any CPU
		{5AB7462D-0119-4573-A7D9-D812AD081B48}.Debug|Any CPU.Build.0 = Debug|Any CPU
		{5AB7462D-0119-4573-A7D9-D812AD081B48}.Release|Any CPU.ActiveCfg = Release|Any CPU
		{5AB7462D-0119-4573-A7D9-D812AD081B48}.Release|Any CPU.Build.0 = Release|Any CPU
	EndGlobalSection
	GlobalSection(SolutionProperties) = preSolution
		HideSolutionNode = FALSE
	EndGlobalSection
	GlobalSection(ExtensibilityGlobals) = postSolution
		SolutionGuid = {D2F9C3AD-5B99-4FE8-A8BB-30EC1FC823FF}
	EndGlobalSection
EndGlobal
